
Microsoft Visual Studio Solution File, Format Version 12.00
# Visual Studio Version 17
VisualStudioVersion = 17.0.32014.148
MinimumVisualStudioVersion = 10.0.40219.1
Project("{FAE04EC0-301F-11D3-BF4B-00C04F79EFBC}") = "Elimination", "Elimination\Elimination.csproj", "{CC834F9B-DD84-44E9-A525-E40152E6336C}"
EndProject
Project("{FAE04EC0-301F-11D3-BF4B-00C04F79EFBC}") = "Airline", "Airline\Airline.csproj", "{DF8D5163-1484-463C-9701-9979992B1D87}"
EndProject
Project("{FAE04EC0-301F-11D3-BF4B-00C04F79EFBC}") = "TicTacToe", "TicTacToe\TicTacToe.csproj", "{6755A8CD-5A61-4B86-A79E-8BC42D116D67}"
EndProject
Global
	GlobalSection(SolutionConfigurationPlatforms) = preSolution
		Debug|Any CPU = Debug|Any CPU
		Release|Any CPU = Release|Any CPU
	EndGlobalSection
	GlobalSection(ProjectConfigurationPlatforms) = postSolution
		{CC834F9B-DD84-44E9-A525-E40152E6336C}.Debug|Any CPU.ActiveCfg = Debug|Any CPU
		{CC834F9B-DD84-44E9-A525-E40152E6336C}.Debug|Any CPU.Build.0 = Debug|Any CPU
		{CC834F9B-DD84-44E9-A525-E40152E6336C}.Release|Any CPU.ActiveCfg = Release|Any CPU
		{CC834F9B-DD84-44E9-A525-E40152E6336C}.Release|Any CPU.Build.0 = Release|Any CPU
		{DF8D5163-1484-463C-9701-9979992B1D87}.Debug|Any CPU.ActiveCfg = Debug|Any CPU
		{DF8D5163-1484-463C-9701-9979992B1D87}.Debug|Any CPU.Build.0 = Debug|Any CPU
		{DF8D5163-1484-463C-9701-9979992B1D87}.Release|Any CPU.ActiveCfg = Release|Any CPU
		{DF8D5163-1484-463C-9701-9979992B1D87}.Release|Any CPU.Build.0 = Release|Any CPU
		{6755A8CD-5A61-4B86-A79E-8BC42D116D67}.Debug|Any CPU.ActiveCfg = Debug|Any CPU
		{6755A8CD-5A61-4B86-A79E-8BC42D116D67}.Debug|Any CPU.Build.0 = Debug|Any CPU
		{6755A8CD-5A61-4B86-A79E-8BC42D116D67}.Release|Any CPU.ActiveCfg = Release|Any CPU
		{6755A8CD-5A61-4B86-A79E-8BC42D116D67}.Release|Any CPU.Build.0 = Release|Any CPU
	EndGlobalSection
	GlobalSection(SolutionProperties) = preSolution
		HideSolutionNode = FALSE
	EndGlobalSection
	GlobalSection(ExtensibilityGlobals) = postSolution
		SolutionGuid = {9E355DCE-59EA-4229-8AEB-A8CE587EF596}
	EndGlobalSection
EndGlobal
